
Microsoft Visual Studio Solution File, Format Version 12.00
# Visual Studio Version 16
VisualStudioVersion = 16.0.28803.452
MinimumVisualStudioVersion = 10.0.40219.1
Project("{FAE04EC0-301F-11D3-BF4B-00C04F79EFBC}") = "App", "src\Avaliacao.App\App.csproj", "{10780708-4103-4935-9011-B5E8C50D41B3}"
EndProject
Project("{FAE04EC0-301F-11D3-BF4B-00C04F79EFBC}") = "Business", "src\Avaliacao.Business\Business.csproj", "{2AAC40BC-54D9-4A04-A003-23E2BACAFD8B}"
EndProject
Project("{FAE04EC0-301F-11D3-BF4B-00C04F79EFBC}") = "Data", "src\Avaliacao.Data\Data.csproj", "{D8E5D5EE-FE87-4018-9C9D-C33F95E12544}"
EndProject
Global
	GlobalSection(SolutionConfigurationPlatforms) = preSolution
		Debug|Any CPU = Debug|Any CPU
		Release|Any CPU = Release|Any CPU
	EndGlobalSection
	GlobalSection(ProjectConfigurationPlatforms) = postSolution
		{10780708-4103-4935-9011-B5E8C50D41B3}.Debug|Any CPU.ActiveCfg = Debug|Any CPU
		{10780708-4103-4935-9011-B5E8C50D41B3}.Debug|Any CPU.Build.0 = Debug|Any CPU
		{10780708-4103-4935-9011-B5E8C50D41B3}.Release|Any CPU.ActiveCfg = Release|Any CPU
		{10780708-4103-4935-9011-B5E8C50D41B3}.Release|Any CPU.Build.0 = Release|Any CPU
		{2AAC40BC-54D9-4A04-A003-23E2BACAFD8B}.Debug|Any CPU.ActiveCfg = Debug|Any CPU
		{2AAC40BC-54D9-4A04-A003-23E2BACAFD8B}.Debug|Any CPU.Build.0 = Debug|Any CPU
		{2AAC40BC-54D9-4A04-A003-23E2BACAFD8B}.Release|Any CPU.ActiveCfg = Release|Any CPU
		{2AAC40BC-54D9-4A04-A003-23E2BACAFD8B}.Release|Any CPU.Build.0 = Release|Any CPU
		{D8E5D5EE-FE87-4018-9C9D-C33F95E12544}.Debug|Any CPU.ActiveCfg = Debug|Any CPU
		{D8E5D5EE-FE87-4018-9C9D-C33F95E12544}.Debug|Any CPU.Build.0 = Debug|Any CPU
		{D8E5D5EE-FE87-4018-9C9D-C33F95E12544}.Release|Any CPU.ActiveCfg = Release|Any CPU
		{D8E5D5EE-FE87-4018-9C9D-C33F95E12544}.Release|Any CPU.Build.0 = Release|Any CPU
	EndGlobalSection
	GlobalSection(SolutionProperties) = preSolution
		HideSolutionNode = FALSE
	EndGlobalSection
	GlobalSection(ExtensibilityGlobals) = postSolution
		SolutionGuid = {FBD1608C-5FCA-44CD-92DA-E9940C87E2CA}
	EndGlobalSection
EndGlobal
